
Microsoft Visual Studio Solution File, Format Version 10.00
# Visual Studio 2008
Project("{2150E333-8FDC-42A3-9474-1A3956D46DE8}") = "Samples", "Samples", "{C7444154-BD26-469A-8176-1650F7B981F4}"
EndProject
Project("{FAE04EC0-301F-11D3-BF4B-00C04F79EFBC}") = "Bindable.Linq", "Bindable.Linq\Bindable.Linq.csproj", "{1BD32C0F-5FDE-4913-AEED-13840ACBF4E0}"
EndProject
Project("{FAE04EC0-301F-11D3-BF4B-00C04F79EFBC}") = "Bindable.Linq.Tests", "Bindable.Linq.Tests\Bindable.Linq.Tests.csproj", "{596CD3CA-117F-4B3B-BA4F-28317897F587}"
EndProject
Project("{FAE04EC0-301F-11D3-BF4B-00C04F79EFBC}") = "Bindable.Linq.Samples.Silverlight", "Samples\Bindable.Linq.Samples.Silverlight\Bindable.Linq.Samples.Silverlight.csproj", "{585573B8-49D8-43A8-AC7C-801FE581C424}"
EndProject
Project("{FAE04EC0-301F-11D3-BF4B-00C04F79EFBC}") = "Bindable.Linq.Samples.WindowsForms", "Samples\Bindable.Linq.Samples.WindowsForms\Bindable.Linq.Samples.WindowsForms.csproj", "{38208D3A-218E-4FE2-87A2-7809B93B03B0}"
EndProject
Project("{FAE04EC0-301F-11D3-BF4B-00C04F79EFBC}") = "Bindable.Linq.Samples.PizzaHaven", "Samples\Bindable.Linq.Samples.PizzaHaven\Bindable.Linq.Samples.PizzaHaven.csproj", "{CA1B3A95-69ED-4360-9E6A-2E2DD5862201}"
EndProject
Project("{FAE04EC0-301F-11D3-BF4B-00C04F79EFBC}") = "Bindable.Linq.Samples.MessengerClient", "Samples\Bindable.Linq.Samples.MessengerClient\Bindable.Linq.Samples.MessengerClient.csproj", "{081046F4-5579-4049-9361-EA9EF2D6AD53}"
EndProject
Project("{FAE04EC0-301F-11D3-BF4B-00C04F79EFBC}") = "Bindable.Linq.Samples.Basic", "Samples\Bindable.Linq.Samples.Basic\Bindable.Linq.Samples.Basic.csproj", "{E7B21314-3BD3-421E-8333-C909D141A3BE}"
EndProject
Project("{2150E333-8FDC-42A3-9474-1A3956D46DE8}") = "Solution Info", "Solution Info", "{6A05AFA5-F2EA-4708-BA34-64147F48C797}"
	ProjectSection(SolutionItems) = preProject
		SolutionInfo.cs = SolutionInfo.cs
	EndProjectSection
EndProject
Project("{FAE04EC0-301F-11D3-BF4B-00C04F79EFBC}") = "Bindable.Linq.Documentation", "Bindable.Linq.Documentation\Bindable.Linq.Documentation.csproj", "{24084113-8483-4D89-AB07-45573A2A701A}"
EndProject
Project("{FAE04EC0-301F-11D3-BF4B-00C04F79EFBC}") = "Bindable.Linq.Documentation.Tests", "Bindable.Linq.Documentation.Tests\Bindable.Linq.Documentation.Tests.csproj", "{F82D2DF8-1B33-40CB-9F44-FD57DD7C174C}"
EndProject
Project("{2150E333-8FDC-42A3-9474-1A3956D46DE8}") = "Documentation", "Documentation", "{0C19DFD3-6DAA-4A58-85D4-1C9016131CA3}"
EndProject
Project("{FAE04EC0-301F-11D3-BF4B-00C04F79EFBC}") = "Bindable.Linq.Samples.Browser", "Samples\Bindable.Linq.Samples.Browser\Bindable.Linq.Samples.Browser.csproj", "{86125E0B-3A79-4533-9B91-DAE46B70614A}"
EndProject
Project("{FAE04EC0-301F-11D3-BF4B-00C04F79EFBC}") = "Bindable.Linq.Samples.Performance", "Bindable.Linq.Samples.Performance\Bindable.Linq.Samples.Performance.csproj", "{B0AD058D-3DF0-4DD4-9232-1C8AEE660BD7}"
EndProject
Global
	GlobalSection(SolutionConfigurationPlatforms) = preSolution
		Debug|Any CPU = Debug|Any CPU
		Release|Any CPU = Release|Any CPU
	EndGlobalSection
	GlobalSection(ProjectConfigurationPlatforms) = postSolution
		{1BD32C0F-5FDE-4913-AEED-13840ACBF4E0}.Debug|Any CPU.ActiveCfg = Debug|Any CPU
		{1BD32C0F-5FDE-4913-AEED-13840ACBF4E0}.Debug|Any CPU.Build.0 = Debug|Any CPU
		{1BD32C0F-5FDE-4913-AEED-13840ACBF4E0}.Release|Any CPU.ActiveCfg = Release|Any CPU
		{1BD32C0F-5FDE-4913-AEED-13840ACBF4E0}.Release|Any CPU.Build.0 = Release|Any CPU
		{596CD3CA-117F-4B3B-BA4F-28317897F587}.Debug|Any CPU.ActiveCfg = Debug|Any CPU
		{596CD3CA-117F-4B3B-BA4F-28317897F587}.Debug|Any CPU.Build.0 = Debug|Any CPU
		{596CD3CA-117F-4B3B-BA4F-28317897F587}.Release|Any CPU.ActiveCfg = Release|Any CPU
		{596CD3CA-117F-4B3B-BA4F-28317897F587}.Release|Any CPU.Build.0 = Release|Any CPU
		{585573B8-49D8-43A8-AC7C-801FE581C424}.Debug|Any CPU.ActiveCfg = Debug|Any CPU
		{585573B8-49D8-43A8-AC7C-801FE581C424}.Debug|Any CPU.Build.0 = Debug|Any CPU
		{585573B8-49D8-43A8-AC7C-801FE581C424}.Release|Any CPU.ActiveCfg = Release|Any CPU
		{585573B8-49D8-43A8-AC7C-801FE581C424}.Release|Any CPU.Build.0 = Release|Any CPU
		{38208D3A-218E-4FE2-87A2-7809B93B03B0}.Debug|Any CPU.ActiveCfg = Debug|Any CPU
		{38208D3A-218E-4FE2-87A2-7809B93B03B0}.Debug|Any CPU.Build.0 = Debug|Any CPU
		{38208D3A-218E-4FE2-87A2-7809B93B03B0}.Release|Any CPU.ActiveCfg = Release|Any CPU
		{38208D3A-218E-4FE2-87A2-7809B93B03B0}.Release|Any CPU.Build.0 = Release|Any CPU
		{CA1B3A95-69ED-4360-9E6A-2E2DD5862201}.Debug|Any CPU.ActiveCfg = Debug|Any CPU
		{CA1B3A95-69ED-4360-9E6A-2E2DD5862201}.Debug|Any CPU.Build.0 = Debug|Any CPU
		{CA1B3A95-69ED-4360-9E6A-2E2DD5862201}.Release|Any CPU.ActiveCfg = Release|Any CPU
		{CA1B3A95-69ED-4360-9E6A-2E2DD5862201}.Release|Any CPU.Build.0 = Release|Any CPU
		{081046F4-5579-4049-9361-EA9EF2D6AD53}.Debug|Any CPU.ActiveCfg = Debug|Any CPU
		{081046F4-5579-4049-9361-EA9EF2D6AD53}.Debug|Any CPU.Build.0 = Debug|Any CPU
		{081046F4-5579-4049-9361-EA9EF2D6AD53}.Release|Any CPU.ActiveCfg = Release|Any CPU
		{081046F4-5579-4049-9361-EA9EF2D6AD53}.Release|Any CPU.Build.0 = Release|Any CPU
		{E7B21314-3BD3-421E-8333-C909D141A3BE}.Debug|Any CPU.ActiveCfg = Debug|Any CPU
		{E7B21314-3BD3-421E-8333-C909D141A3BE}.Debug|Any CPU.Build.0 = Debug|Any CPU
		{E7B21314-3BD3-421E-8333-C909D141A3BE}.Release|Any CPU.ActiveCfg = Release|Any CPU
		{E7B21314-3BD3-421E-8333-C909D141A3BE}.Release|Any CPU.Build.0 = Release|Any CPU
		{24084113-8483-4D89-AB07-45573A2A701A}.Debug|Any CPU.ActiveCfg = Debug|Any CPU
		{24084113-8483-4D89-AB07-45573A2A701A}.Debug|Any CPU.Build.0 = Debug|Any CPU
		{24084113-8483-4D89-AB07-45573A2A701A}.Release|Any CPU.ActiveCfg = Release|Any CPU
		{24084113-8483-4D89-AB07-45573A2A701A}.Release|Any CPU.Build.0 = Release|Any CPU
		{F82D2DF8-1B33-40CB-9F44-FD57DD7C174C}.Debug|Any CPU.ActiveCfg = Debug|Any CPU
		{F82D2DF8-1B33-40CB-9F44-FD57DD7C174C}.Debug|Any CPU.Build.0 = Debug|Any CPU
		{F82D2DF8-1B33-40CB-9F44-FD57DD7C174C}.Release|Any CPU.ActiveCfg = Release|Any CPU
		{F82D2DF8-1B33-40CB-9F44-FD57DD7C174C}.Release|Any CPU.Build.0 = Release|Any CPU
		{86125E0B-3A79-4533-9B91-DAE46B70614A}.Debug|Any CPU.ActiveCfg = Debug|Any CPU
		{86125E0B-3A79-4533-9B91-DAE46B70614A}.Debug|Any CPU.Build.0 = Debug|Any CPU
		{86125E0B-3A79-4533-9B91-DAE46B70614A}.Release|Any CPU.ActiveCfg = Release|Any CPU
		{86125E0B-3A79-4533-9B91-DAE46B70614A}.Release|Any CPU.Build.0 = Release|Any CPU
		{B0AD058D-3DF0-4DD4-9232-1C8AEE660BD7}.Debug|Any CPU.ActiveCfg = Debug|Any CPU
		{B0AD058D-3DF0-4DD4-9232-1C8AEE660BD7}.Debug|Any CPU.Build.0 = Debug|Any CPU
		{B0AD058D-3DF0-4DD4-9232-1C8AEE660BD7}.Release|Any CPU.ActiveCfg = Release|Any CPU
		{B0AD058D-3DF0-4DD4-9232-1C8AEE660BD7}.Release|Any CPU.Build.0 = Release|Any CPU
	EndGlobalSection
	GlobalSection(SolutionProperties) = preSolution
		HideSolutionNode = FALSE
	EndGlobalSection
	GlobalSection(NestedProjects) = preSolution
		{585573B8-49D8-43A8-AC7C-801FE581C424} = {C7444154-BD26-469A-8176-1650F7B981F4}
		{38208D3A-218E-4FE2-87A2-7809B93B03B0} = {C7444154-BD26-469A-8176-1650F7B981F4}
		{CA1B3A95-69ED-4360-9E6A-2E2DD5862201} = {C7444154-BD26-469A-8176-1650F7B981F4}
		{081046F4-5579-4049-9361-EA9EF2D6AD53} = {C7444154-BD26-469A-8176-1650F7B981F4}
		{E7B21314-3BD3-421E-8333-C909D141A3BE} = {C7444154-BD26-469A-8176-1650F7B981F4}
		{86125E0B-3A79-4533-9B91-DAE46B70614A} = {C7444154-BD26-469A-8176-1650F7B981F4}
		{B0AD058D-3DF0-4DD4-9232-1C8AEE660BD7} = {C7444154-BD26-469A-8176-1650F7B981F4}
		{F82D2DF8-1B33-40CB-9F44-FD57DD7C174C} = {0C19DFD3-6DAA-4A58-85D4-1C9016131CA3}
		{24084113-8483-4D89-AB07-45573A2A701A} = {0C19DFD3-6DAA-4A58-85D4-1C9016131CA3}
	EndGlobalSection
EndGlobal
